// !$*UTF8*$!
{
	archiveVersion = 1;
	classes = {
	};
	objectVersion = 46;
	objects = {

/* Begin PBXBuildFile section */
		2F8CE40609833C9E5AEEE6C0 /* libPods.a in Frameworks */ = {isa = PBXBuildFile; fileRef = 1664D605A360FE9D65141407 /* libPods.a */; };
		905856681B723ED0005E6EB0 /* ClockCell.m in Sources */ = {isa = PBXBuildFile; fileRef = 905856651B723ED0005E6EB0 /* ClockCell.m */; };
		905856691B723ED0005E6EB0 /* HomeViewController.m in Sources */ = {isa = PBXBuildFile; fileRef = 905856671B723ED0005E6EB0 /* HomeViewController.m */; };
		9058566D1B723F78005E6EB0 /* TimezonesViewController.m in Sources */ = {isa = PBXBuildFile; fileRef = 9058566C1B723F78005E6EB0 /* TimezonesViewController.m */; };
		905856AD1B725DB3005E6EB0 /* TimezoneManager.m in Sources */ = {isa = PBXBuildFile; fileRef = 905856AC1B725DB3005E6EB0 /* TimezoneManager.m */; };
		905856B11B72607A005E6EB0 /* JediClock.xcdatamodeld in Sources */ = {isa = PBXBuildFile; fileRef = 905856AF1B72607A005E6EB0 /* JediClock.xcdatamodeld */; };
		905856B41B726097005E6EB0 /* Timezone.m in Sources */ = {isa = PBXBuildFile; fileRef = 905856B31B726097005E6EB0 /* Timezone.m */; };
		90694B0D1B6F9E770066795F /* main.m in Sources */ = {isa = PBXBuildFile; fileRef = 90694B0C1B6F9E770066795F /* main.m */; };
		90694B101B6F9E770066795F /* AppDelegate.m in Sources */ = {isa = PBXBuildFile; fileRef = 90694B0F1B6F9E770066795F /* AppDelegate.m */; };
		90694B191B6F9E770066795F /* Main.storyboard in Resources */ = {isa = PBXBuildFile; fileRef = 90694B171B6F9E770066795F /* Main.storyboard */; };
		90694B1B1B6F9E770066795F /* Images.xcassets in Resources */ = {isa = PBXBuildFile; fileRef = 90694B1A1B6F9E770066795F /* Images.xcassets */; };
		90694B1E1B6F9E770066795F /* LaunchScreen.xib in Resources */ = {isa = PBXBuildFile; fileRef = 90694B1C1B6F9E770066795F /* LaunchScreen.xib */; };
		90694B2A1B6F9E770066795F /* JediClockTests.m in Sources */ = {isa = PBXBuildFile; fileRef = 90694B291B6F9E770066795F /* JediClockTests.m */; };
/* End PBXBuildFile section */

/* Begin PBXContainerItemProxy section */
		90694B241B6F9E770066795F /* PBXContainerItemProxy */ = {
			isa = PBXContainerItemProxy;
			containerPortal = 90694AFF1B6F9E770066795F /* Project object */;
			proxyType = 1;
			remoteGlobalIDString = 90694B061B6F9E770066795F;
			remoteInfo = JediClock;
		};
/* End PBXContainerItemProxy section */

/* Begin PBXFileReference section */
		1664D605A360FE9D65141407 /* libPods.a */ = {isa = PBXFileReference; explicitFileType = archive.ar; includeInIndex = 0; path = libPods.a; sourceTree = BUILT_PRODUCTS_DIR; };
		6B260678DD05FCBE7BF5C1A2 /* Pods.release.xcconfig */ = {isa = PBXFileReference; includeInIndex = 1; lastKnownFileType = text.xcconfig; name = Pods.release.xcconfig; path = "Pods/Target Support Files/Pods/Pods.release.xcconfig"; sourceTree = "<group>"; };
		905856641B723ED0005E6EB0 /* ClockCell.h */ = {isa = PBXFileReference; fileEncoding = 4; lastKnownFileType = sourcecode.c.h; path = ClockCell.h; sourceTree = "<group>"; };
		905856651B723ED0005E6EB0 /* ClockCell.m */ = {isa = PBXFileReference; fileEncoding = 4; lastKnownFileType = sourcecode.c.objc; path = ClockCell.m; sourceTree = "<group>"; };
		905856661B723ED0005E6EB0 /* HomeViewController.h */ = {isa = PBXFileReference; fileEncoding = 4; lastKnownFileType = sourcecode.c.h; path = HomeViewController.h; sourceTree = "<group>"; };
		905856671B723ED0005E6EB0 /* HomeViewController.m */ = {isa = PBXFileReference; fileEncoding = 4; lastKnownFileType = sourcecode.c.objc; path = HomeViewController.m; sourceTree = "<group>"; };
		9058566B1B723F78005E6EB0 /* TimezonesViewController.h */ = {isa = PBXFileReference; fileEncoding = 4; lastKnownFileType = sourcecode.c.h; path = TimezonesViewController.h; sourceTree = "<group>"; };
		9058566C1B723F78005E6EB0 /* TimezonesViewController.m */ = {isa = PBXFileReference; fileEncoding = 4; lastKnownFileType = sourcecode.c.objc; path = TimezonesViewController.m; sourceTree = "<group>"; };
		905856AB1B725DB3005E6EB0 /* TimezoneManager.h */ = {isa = PBXFileReference; fileEncoding = 4; lastKnownFileType = sourcecode.c.h; path = TimezoneManager.h; sourceTree = "<group>"; };
		905856AC1B725DB3005E6EB0 /* TimezoneManager.m */ = {isa = PBXFileReference; fileEncoding = 4; lastKnownFileType = sourcecode.c.objc; path = TimezoneManager.m; sourceTree = "<group>"; };
		905856B01B72607A005E6EB0 /* JediClock.xcdatamodel */ = {isa = PBXFileReference; lastKnownFileType = wrapper.xcdatamodel; path = JediClock.xcdatamodel; sourceTree = "<group>"; };
		905856B21B726097005E6EB0 /* Timezone.h */ = {isa = PBXFileReference; fileEncoding = 4; lastKnownFileType = sourcecode.c.h; path = Timezone.h; sourceTree = "<group>"; };
		905856B31B726097005E6EB0 /* Timezone.m */ = {isa = PBXFileReference; fileEncoding = 4; lastKnownFileType = sourcecode.c.objc; path = Timezone.m; sourceTree = "<group>"; };
		90694B071B6F9E770066795F /* JediClock.app */ = {isa = PBXFileReference; explicitFileType = wrapper.application; includeInIndex = 0; path = JediClock.app; sourceTree = BUILT_PRODUCTS_DIR; };
		90694B0B1B6F9E770066795F /* Info.plist */ = {isa = PBXFileReference; lastKnownFileType = text.plist.xml; path = Info.plist; sourceTree = "<group>"; };
		90694B0C1B6F9E770066795F /* main.m */ = {isa = PBXFileReference; lastKnownFileType = sourcecode.c.objc; path = main.m; sourceTree = "<group>"; };
		90694B0E1B6F9E770066795F /* AppDelegate.h */ = {isa = PBXFileReference; lastKnownFileType = sourcecode.c.h; path = AppDelegate.h; sourceTree = "<group>"; };
		90694B0F1B6F9E770066795F /* AppDelegate.m */ = {isa = PBXFileReference; lastKnownFileType = sourcecode.c.objc; path = AppDelegate.m; sourceTree = "<group>"; };
		90694B181B6F9E770066795F /* Base */ = {isa = PBXFileReference; lastKnownFileType = file.storyboard; name = Base; path = Base.lproj/Main.storyboard; sourceTree = "<group>"; };
		90694B1A1B6F9E770066795F /* Images.xcassets */ = {isa = PBXFileReference; lastKnownFileType = folder.assetcatalog; path = Images.xcassets; sourceTree = "<group>"; };
		90694B1D1B6F9E770066795F /* Base */ = {isa = PBXFileReference; lastKnownFileType = file.xib; name = Base; path = Base.lproj/LaunchScreen.xib; sourceTree = "<group>"; };
		90694B231B6F9E770066795F /* JediClockTests.xctest */ = {isa = PBXFileReference; explicitFileType = wrapper.cfbundle; includeInIndex = 0; path = JediClockTests.xctest; sourceTree = BUILT_PRODUCTS_DIR; };
		90694B281B6F9E770066795F /* Info.plist */ = {isa = PBXFileReference; lastKnownFileType = text.plist.xml; path = Info.plist; sourceTree = "<group>"; };
		90694B291B6F9E770066795F /* JediClockTests.m */ = {isa = PBXFileReference; lastKnownFileType = sourcecode.c.objc; path = JediClockTests.m; sourceTree = "<group>"; };
		D4FB584B97FC67712BD9CE27 /* Pods.debug.xcconfig */ = {isa = PBXFileReference; includeInIndex = 1; lastKnownFileType = text.xcconfig; name = Pods.debug.xcconfig; path = "Pods/Target Support Files/Pods/Pods.debug.xcconfig"; sourceTree = "<group>"; };
/* End PBXFileReference section */

/* Begin PBXFrameworksBuildPhase section */
		90694B041B6F9E770066795F /* Frameworks */ = {
			isa = PBXFrameworksBuildPhase;
			buildActionMask = 2147483647;
			files = (
				2F8CE40609833C9E5AEEE6C0 /* libPods.a in Frameworks */,
			);
			runOnlyForDeploymentPostprocessing = 0;
		};
		90694B201B6F9E770066795F /* Frameworks */ = {
			isa = PBXFrameworksBuildPhase;
			buildActionMask = 2147483647;
			files = (
			);
			runOnlyForDeploymentPostprocessing = 0;
		};
/* End PBXFrameworksBuildPhase section */

/* Begin PBXGroup section */
		0276F01FCA1F169E765D2BED /* Frameworks */ = {
			isa = PBXGroup;
			children = (
				1664D605A360FE9D65141407 /* libPods.a */,
			);
			name = Frameworks;
			sourceTree = "<group>";
		};
		905856611B723ED0005E6EB0 /* ViewController */ = {
			isa = PBXGroup;
			children = (
				905856621B723ED0005E6EB0 /* Home */,
				9058566A1B723F68005E6EB0 /* Timezones */,
			);
			path = ViewController;
			sourceTree = "<group>";
		};
		905856621B723ED0005E6EB0 /* Home */ = {
			isa = PBXGroup;
			children = (
				905856631B723ED0005E6EB0 /* Cell */,
				905856661B723ED0005E6EB0 /* HomeViewController.h */,
				905856671B723ED0005E6EB0 /* HomeViewController.m */,
			);
			path = Home;
			sourceTree = "<group>";
		};
		905856631B723ED0005E6EB0 /* Cell */ = {
			isa = PBXGroup;
			children = (
				905856641B723ED0005E6EB0 /* ClockCell.h */,
				905856651B723ED0005E6EB0 /* ClockCell.m */,
			);
			path = Cell;
			sourceTree = "<group>";
		};
		9058566A1B723F68005E6EB0 /* Timezones */ = {
			isa = PBXGroup;
			children = (
				9058566B1B723F78005E6EB0 /* TimezonesViewController.h */,
				9058566C1B723F78005E6EB0 /* TimezonesViewController.m */,
			);
			path = Timezones;
			sourceTree = "<group>";
		};
		905856AA1B725DA3005E6EB0 /* Manager */ = {
			isa = PBXGroup;
			children = (
				905856AB1B725DB3005E6EB0 /* TimezoneManager.h */,
				905856AC1B725DB3005E6EB0 /* TimezoneManager.m */,
			);
			path = Manager;
			sourceTree = "<group>";
		};
		905856AE1B72607A005E6EB0 /* Model */ = {
			isa = PBXGroup;
			children = (
				905856AF1B72607A005E6EB0 /* JediClock.xcdatamodeld */,
				905856B21B726097005E6EB0 /* Timezone.h */,
				905856B31B726097005E6EB0 /* Timezone.m */,
			);
			path = Model;
			sourceTree = "<group>";
		};
		90694AFE1B6F9E770066795F = {
			isa = PBXGroup;
			children = (
				90694B091B6F9E770066795F /* JediClock */,
				90694B261B6F9E770066795F /* JediClockTests */,
				90694B081B6F9E770066795F /* Products */,
				F75F8EE62FD26950BD6A1615 /* Pods */,
				0276F01FCA1F169E765D2BED /* Frameworks */,
			);
			sourceTree = "<group>";
		};
		90694B081B6F9E770066795F /* Products */ = {
			isa = PBXGroup;
			children = (
				90694B071B6F9E770066795F /* JediClock.app */,
				90694B231B6F9E770066795F /* JediClockTests.xctest */,
			);
			name = Products;
			sourceTree = "<group>";
		};
		90694B091B6F9E770066795F /* JediClock */ = {
			isa = PBXGroup;
			children = (
				905856AE1B72607A005E6EB0 /* Model */,
				905856AA1B725DA3005E6EB0 /* Manager */,
				905856611B723ED0005E6EB0 /* ViewController */,
				90694B0E1B6F9E770066795F /* AppDelegate.h */,
				90694B0F1B6F9E770066795F /* AppDelegate.m */,
				90694B1A1B6F9E770066795F /* Images.xcassets */,
				90694B1C1B6F9E770066795F /* LaunchScreen.xib */,
				90694B171B6F9E770066795F /* Main.storyboard */,
				90694B0A1B6F9E770066795F /* Supporting Files */,
			);
			path = JediClock;
			sourceTree = "<group>";
		};
		90694B0A1B6F9E770066795F /* Supporting Files */ = {
			isa = PBXGroup;
			children = (
				90694B0B1B6F9E770066795F /* Info.plist */,
				90694B0C1B6F9E770066795F /* main.m */,
			);
			name = "Supporting Files";
			sourceTree = "<group>";
		};
		90694B261B6F9E770066795F /* JediClockTests */ = {
			isa = PBXGroup;
			children = (
				90694B291B6F9E770066795F /* JediClockTests.m */,
				90694B271B6F9E770066795F /* Supporting Files */,
			);
			path = JediClockTests;
			sourceTree = "<group>";
		};
		90694B271B6F9E770066795F /* Supporting Files */ = {
			isa = PBXGroup;
			children = (
				90694B281B6F9E770066795F /* Info.plist */,
			);
			name = "Supporting Files";
			sourceTree = "<group>";
		};
		F75F8EE62FD26950BD6A1615 /* Pods */ = {
			isa = PBXGroup;
			children = (
				D4FB584B97FC67712BD9CE27 /* Pods.debug.xcconfig */,
				6B260678DD05FCBE7BF5C1A2 /* Pods.release.xcconfig */,
			);
			name = Pods;
			sourceTree = "<group>";
		};
/* End PBXGroup section */

/* Begin PBXNativeTarget section */
		90694B061B6F9E770066795F /* JediClock */ = {
			isa = PBXNativeTarget;
			buildConfigurationList = 90694B2D1B6F9E770066795F /* Build configuration list for PBXNativeTarget "JediClock" */;
			buildPhases = (
				1787C0C27A160AF5506F6770 /* Check Pods Manifest.lock */,
				90694B031B6F9E770066795F /* Sources */,
				90694B041B6F9E770066795F /* Frameworks */,
				90694B051B6F9E770066795F /* Resources */,
				B2C6EDA3A87C8624AD35A033 /* Copy Pods Resources */,
			);
			buildRules = (
			);
			dependencies = (
			);
			name = JediClock;
			productName = JediClock;
			productReference = 90694B071B6F9E770066795F /* JediClock.app */;
			productType = "com.apple.product-type.application";
		};
		90694B221B6F9E770066795F /* JediClockTests */ = {
			isa = PBXNativeTarget;
			buildConfigurationList = 90694B301B6F9E770066795F /* Build configuration list for PBXNativeTarget "JediClockTests" */;
			buildPhases = (
				90694B1F1B6F9E770066795F /* Sources */,
				90694B201B6F9E770066795F /* Frameworks */,
				90694B211B6F9E770066795F /* Resources */,
			);
			buildRules = (
			);
			dependencies = (
				90694B251B6F9E770066795F /* PBXTargetDependency */,
			);
			name = JediClockTests;
			productName = JediClockTests;
			productReference = 90694B231B6F9E770066795F /* JediClockTests.xctest */;
			productType = "com.apple.product-type.bundle.unit-test";
		};
/* End PBXNativeTarget section */

/* Begin PBXProject section */
		90694AFF1B6F9E770066795F /* Project object */ = {
			isa = PBXProject;
			attributes = {
				LastUpgradeCheck = 0640;
				ORGANIZATIONNAME = "Steven Masini";
				TargetAttributes = {
					90694B061B6F9E770066795F = {
						CreatedOnToolsVersion = 6.4;
					};
					90694B221B6F9E770066795F = {
						CreatedOnToolsVersion = 6.4;
						TestTargetID = 90694B061B6F9E770066795F;
					};
				};
			};
			buildConfigurationList = 90694B021B6F9E770066795F /* Build configuration list for PBXProject "JediClock" */;
			compatibilityVersion = "Xcode 3.2";
			developmentRegion = English;
			hasScannedForEncodings = 0;
			knownRegions = (
				en,
				Base,
			);
			mainGroup = 90694AFE1B6F9E770066795F;
			productRefGroup = 90694B081B6F9E770066795F /* Products */;
			projectDirPath = "";
			projectRoot = "";
			targets = (
				90694B061B6F9E770066795F /* JediClock */,
				90694B221B6F9E770066795F /* JediClockTests */,
			);
		};
/* End PBXProject section */

/* Begin PBXResourcesBuildPhase section */
		90694B051B6F9E770066795F /* Resources */ = {
			isa = PBXResourcesBuildPhase;
			buildActionMask = 2147483647;
			files = (
				90694B191B6F9E770066795F /* Main.storyboard in Resources */,
				90694B1E1B6F9E770066795F /* LaunchScreen.xib in Resources */,
				90694B1B1B6F9E770066795F /* Images.xcassets in Resources */,
			);
			runOnlyForDeploymentPostprocessing = 0;
		};
		90694B211B6F9E770066795F /* Resources */ = {
			isa = PBXResourcesBuildPhase;
			buildActionMask = 2147483647;
			files = (
			);
			runOnlyForDeploymentPostprocessing = 0;
		};
/* End PBXResourcesBuildPhase section */

/* Begin PBXShellScriptBuildPhase section */
		1787C0C27A160AF5506F6770 /* Check Pods Manifest.lock */ = {
			isa = PBXShellScriptBuildPhase;
			buildActionMask = 2147483647;
			files = (
			);
			inputPaths = (
			);
			name = "Check Pods Manifest.lock";
			outputPaths = (
			);
			runOnlyForDeploymentPostprocessing = 0;
			shellPath = /bin/sh;
			shellScript = "diff \"${PODS_ROOT}/../Podfile.lock\" \"${PODS_ROOT}/Manifest.lock\" > /dev/null\nif [[ $? != 0 ]] ; then\n    cat << EOM\nerror: The sandbox is not in sync with the Podfile.lock. Run 'pod install' or update your CocoaPods installation.\nEOM\n    exit 1\nfi\n";
			showEnvVarsInLog = 0;
		};
		B2C6EDA3A87C8624AD35A033 /* Copy Pods Resources */ = {
			isa = PBXShellScriptBuildPhase;
			buildActionMask = 2147483647;
			files = (
			);
			inputPaths = (
			);
			name = "Copy Pods Resources";
			outputPaths = (
			);
			runOnlyForDeploymentPostprocessing = 0;
			shellPath = /bin/sh;
			shellScript = "\"${SRCROOT}/Pods/Target Support Files/Pods/Pods-resources.sh\"\n";
			showEnvVarsInLog = 0;
		};
/* End PBXShellScriptBuildPhase section */

/* Begin PBXSourcesBuildPhase section */
		90694B031B6F9E770066795F /* Sources */ = {
			isa = PBXSourcesBuildPhase;
			buildActionMask = 2147483647;
			files = (
				905856B41B726097005E6EB0 /* Timezone.m in Sources */,
				90694B101B6F9E770066795F /* AppDelegate.m in Sources */,
				905856AD1B725DB3005E6EB0 /* TimezoneManager.m in Sources */,
				905856B11B72607A005E6EB0 /* JediClock.xcdatamodeld in Sources */,
				905856681B723ED0005E6EB0 /* ClockCell.m in Sources */,
				9058566D1B723F78005E6EB0 /* TimezonesViewController.m in Sources */,
				905856691B723ED0005E6EB0 /* HomeViewController.m in Sources */,
				90694B0D1B6F9E770066795F /* main.m in Sources */,
			);
			runOnlyForDeploymentPostprocessing = 0;
		};
		90694B1F1B6F9E770066795F /* Sources */ = {
			isa = PBXSourcesBuildPhase;
			buildActionMask = 2147483647;
			files = (
				90694B2A1B6F9E770066795F /* JediClockTests.m in Sources */,
			);
			runOnlyForDeploymentPostprocessing = 0;
		};
/* End PBXSourcesBuildPhase section */

/* Begin PBXTargetDependency section */
		90694B251B6F9E770066795F /* PBXTargetDependency */ = {
			isa = PBXTargetDependency;
			target = 90694B061B6F9E770066795F /* JediClock */;
			targetProxy = 90694B241B6F9E770066795F /* PBXContainerItemProxy */;
		};
/* End PBXTargetDependency section */

/* Begin PBXVariantGroup section */
		90694B171B6F9E770066795F /* Main.storyboard */ = {
			isa = PBXVariantGroup;
			children = (
				90694B181B6F9E770066795F /* Base */,
			);
			name = Main.storyboard;
			sourceTree = "<group>";
		};
		90694B1C1B6F9E770066795F /* LaunchScreen.xib */ = {
			isa = PBXVariantGroup;
			children = (
				90694B1D1B6F9E770066795F /* Base */,
			);
			name = LaunchScreen.xib;
			sourceTree = "<group>";
		};
/* End PBXVariantGroup section */

/* Begin XCBuildConfiguration section */
		90694B2B1B6F9E770066795F /* Debug */ = {
			isa = XCBuildConfiguration;
			buildSettings = {
				ALWAYS_SEARCH_USER_PATHS = NO;
				CLANG_CXX_LANGUAGE_STANDARD = "gnu++0x";
				CLANG_CXX_LIBRARY = "libc++";
				CLANG_ENABLE_MODULES = YES;
				CLANG_ENABLE_OBJC_ARC = YES;
				CLANG_WARN_BOOL_CONVERSION = YES;
				CLANG_WARN_CONSTANT_CONVERSION = YES;
				CLANG_WARN_DIRECT_OBJC_ISA_USAGE = YES_ERROR;
				CLANG_WARN_EMPTY_BODY = YES;
				CLANG_WARN_ENUM_CONVERSION = YES;
				CLANG_WARN_INT_CONVERSION = YES;
				CLANG_WARN_OBJC_ROOT_CLASS = YES_ERROR;
				CLANG_WARN_UNREACHABLE_CODE = YES;
				CLANG_WARN__DUPLICATE_METHOD_MATCH = YES;
				"CODE_SIGN_IDENTITY[sdk=iphoneos*]" = "iPhone Developer";
				COPY_PHASE_STRIP = NO;
				DEBUG_INFORMATION_FORMAT = "dwarf-with-dsym";
				ENABLE_STRICT_OBJC_MSGSEND = YES;
				GCC_C_LANGUAGE_STANDARD = gnu99;
				GCC_DYNAMIC_NO_PIC = NO;
				GCC_NO_COMMON_BLOCKS = YES;
				GCC_OPTIMIZATION_LEVEL = 0;
				GCC_PREPROCESSOR_DEFINITIONS = (
					"DEBUG=1",
					"$(inherited)",
				);
				GCC_SYMBOLS_PRIVATE_EXTERN = NO;
				GCC_WARN_64_TO_32_BIT_CONVERSION = YES;
				GCC_WARN_ABOUT_RETURN_TYPE = YES_ERROR;
				GCC_WARN_UNDECLARED_SELECTOR = YES;
				GCC_WARN_UNINITIALIZED_AUTOS = YES_AGGRESSIVE;
				GCC_WARN_UNUSED_FUNCTION = YES;
				GCC_WARN_UNUSED_VARIABLE = YES;
				IPHONEOS_DEPLOYMENT_TARGET = 8.4;
				MTL_ENABLE_DEBUG_INFO = YES;
				ONLY_ACTIVE_ARCH = YES;
				SDKROOT = iphoneos;
			};
			name = Debug;
		};
		90694B2C1B6F9E770066795F /* Release */ = {
			isa = XCBuildConfiguration;
			buildSettings = {
				ALWAYS_SEARCH_USER_PATHS = NO;
				CLANG_CXX_LANGUAGE_STANDARD = "gnu++0x";
				CLANG_CXX_LIBRARY = "libc++";
				CLANG_ENABLE_MODULES = YES;
				CLANG_ENABLE_OBJC_ARC = YES;
				CLANG_WARN_BOOL_CONVERSION = YES;
				CLANG_WARN_CONSTANT_CONVERSION = YES;
				CLANG_WARN_DIRECT_OBJC_ISA_USAGE = YES_ERROR;
				CLANG_WARN_EMPTY_BODY = YES;
				CLANG_WARN_ENUM_CONVERSION = YES;
				CLANG_WARN_INT_CONVERSION = YES;
				CLANG_WARN_OBJC_ROOT_CLASS = YES_ERROR;
				CLANG_WARN_UNREACHABLE_CODE = YES;
				CLANG_WARN__DUPLICATE_METHOD_MATCH = YES;
				"CODE_SIGN_IDENTITY[sdk=iphoneos*]" = "iPhone Developer";
				COPY_PHASE_STRIP = NO;
				DEBUG_INFORMATION_FORMAT = "dwarf-with-dsym";
				ENABLE_NS_ASSERTIONS = NO;
				ENABLE_STRICT_OBJC_MSGSEND = YES;
				GCC_C_LANGUAGE_STANDARD = gnu99;
				GCC_NO_COMMON_BLOCKS = YES;
				GCC_WARN_64_TO_32_BIT_CONVERSION = YES;
				GCC_WARN_ABOUT_RETURN_TYPE = YES_ERROR;
				GCC_WARN_UNDECLARED_SELECTOR = YES;
				GCC_WARN_UNINITIALIZED_AUTOS = YES_AGGRESSIVE;
				GCC_WARN_UNUSED_FUNCTION = YES;
				GCC_WARN_UNUSED_VARIABLE = YES;
				IPHONEOS_DEPLOYMENT_TARGET = 8.4;
				MTL_ENABLE_DEBUG_INFO = NO;
				SDKROOT = iphoneos;
				VALIDATE_PRODUCT = YES;
			};
			name = Release;
		};
		90694B2E1B6F9E770066795F /* Debug */ = {
			isa = XCBuildConfiguration;
			baseConfigurationReference = D4FB584B97FC67712BD9CE27 /* Pods.debug.xcconfig */;
			buildSettings = {
				ASSETCATALOG_COMPILER_APPICON_NAME = AppIcon;
				INFOPLIST_FILE = JediClock/Info.plist;
				IPHONEOS_DEPLOYMENT_TARGET = 8.0;
				LD_RUNPATH_SEARCH_PATHS = "$(inherited) @executable_path/Frameworks";
				PRODUCT_NAME = "$(TARGET_NAME)";
			};
			name = Debug;
		};
		90694B2F1B6F9E770066795F /* Release */ = {
			isa = XCBuildConfiguration;
			baseConfigurationReference = 6B260678DD05FCBE7BF5C1A2 /* Pods.release.xcconfig */;
			buildSettings = {
				ASSETCATALOG_COMPILER_APPICON_NAME = AppIcon;
				INFOPLIST_FILE = JediClock/Info.plist;
				IPHONEOS_DEPLOYMENT_TARGET = 8.0;
				LD_RUNPATH_SEARCH_PATHS = "$(inherited) @executable_path/Frameworks";
				PRODUCT_NAME = "$(TARGET_NAME)";
			};
			name = Release;
		};
		90694B311B6F9E770066795F /* Debug */ = {
			isa = XCBuildConfiguration;
			buildSettings = {
				BUNDLE_LOADER = "$(TEST_HOST)";
				FRAMEWORK_SEARCH_PATHS = (
					"$(SDKROOT)/Developer/Library/Frameworks",
					"$(inherited)",
				);
				GCC_PREPROCESSOR_DEFINITIONS = (
					"DEBUG=1",
					"$(inherited)",
				);
				INFOPLIST_FILE = JediClockTests/Info.plist;
				LD_RUNPATH_SEARCH_PATHS = "$(inherited) @executable_path/Frameworks @loader_path/Frameworks";
				PRODUCT_NAME = "$(TARGET_NAME)";
				TEST_HOST = "$(BUILT_PRODUCTS_DIR)/JediClock.app/JediClock";
			};
			name = Debug;
		};
		90694B321B6F9E770066795F /* Release */ = {
			isa = XCBuildConfiguration;
			buildSettings = {
				BUNDLE_LOADER = "$(TEST_HOST)";
				FRAMEWORK_SEARCH_PATHS = (
					"$(SDKROOT)/Developer/Library/Frameworks",
					"$(inherited)",
				);
				INFOPLIST_FILE = JediClockTests/Info.plist;
				LD_RUNPATH_SEARCH_PATHS = "$(inherited) @executable_path/Frameworks @loader_path/Frameworks";
				PRODUCT_NAME = "$(TARGET_NAME)";
				TEST_HOST = "$(BUILT_PRODUCTS_DIR)/JediClock.app/JediClock";
			};
			name = Release;
		};
/* End XCBuildConfiguration section */

/* Begin XCConfigurationList section */
		90694B021B6F9E770066795F /* Build configuration list for PBXProject "JediClock" */ = {
			isa = XCConfigurationList;
			buildConfigurations = (
				90694B2B1B6F9E770066795F /* Debug */,
				90694B2C1B6F9E770066795F /* Release */,
			);
			defaultConfigurationIsVisible = 0;
			defaultConfigurationName = Release;
		};
		90694B2D1B6F9E770066795F /* Build configuration list for PBXNativeTarget "JediClock" */ = {
			isa = XCConfigurationList;
			buildConfigurations = (
				90694B2E1B6F9E770066795F /* Debug */,
				90694B2F1B6F9E770066795F /* Release */,
			);
			defaultConfigurationIsVisible = 0;
			defaultConfigurationName = Release;
		};
		90694B301B6F9E770066795F /* Build configuration list for PBXNativeTarget "JediClockTests" */ = {
			isa = XCConfigurationList;
			buildConfigurations = (
				90694B311B6F9E770066795F /* Debug */,
				90694B321B6F9E770066795F /* Release */,
			);
			defaultConfigurationIsVisible = 0;
			defaultConfigurationName = Release;
		};
/* End XCConfigurationList section */

/* Begin XCVersionGroup section */
		905856AF1B72607A005E6EB0 /* JediClock.xcdatamodeld */ = {
			isa = XCVersionGroup;
			children = (
				905856B01B72607A005E6EB0 /* JediClock.xcdatamodel */,
			);
			currentVersion = 905856B01B72607A005E6EB0 /* JediClock.xcdatamodel */;
			path = JediClock.xcdatamodeld;
			sourceTree = "<group>";
			versionGroupType = wrapper.xcdatamodel;
		};
/* End XCVersionGroup section */
	};
	rootObject = 90694AFF1B6F9E770066795F /* Project object */;
}
