// !$*UTF8*$!
{
	archiveVersion = 1;
	classes = {
	};
	objectVersion = 46;
	objects = {

/* Begin PBXBuildFile section */
		89071F22FA6E1A3A03F50A42 /* libPods-JediClock.a in Frameworks */ = {isa = PBXBuildFile; fileRef = 6FFE5C2B4BEA0A50B86246F6 /* libPods-JediClock.a */; };
		9001C38D1EB4D5150089B2B5 /* HomeViewController.m in Sources */ = {isa = PBXBuildFile; fileRef = 9001C3721EB4D5150089B2B5 /* HomeViewController.m */; };
		9001C38E1EB4D5150089B2B5 /* TimezonesViewController.m in Sources */ = {isa = PBXBuildFile; fileRef = 9001C3751EB4D5150089B2B5 /* TimezonesViewController.m */; };
		9001C38F1EB4D5150089B2B5 /* ClockCell.m in Sources */ = {isa = PBXBuildFile; fileRef = 9001C3791EB4D5150089B2B5 /* ClockCell.m */; };
		9001C3901EB4D5150089B2B5 /* ClockView.m in Sources */ = {isa = PBXBuildFile; fileRef = 9001C37B1EB4D5150089B2B5 /* ClockView.m */; };
		9001C3911EB4D5150089B2B5 /* NSAttributedString+Jedi.m in Sources */ = {isa = PBXBuildFile; fileRef = 9001C37E1EB4D5150089B2B5 /* NSAttributedString+Jedi.m */; };
		9001C3921EB4D5150089B2B5 /* NSMutableAttributedString+Jedi.m in Sources */ = {isa = PBXBuildFile; fileRef = 9001C3801EB4D5150089B2B5 /* NSMutableAttributedString+Jedi.m */; };
		9001C3931EB4D5150089B2B5 /* UIColor+Jedi.m in Sources */ = {isa = PBXBuildFile; fileRef = 9001C3821EB4D5150089B2B5 /* UIColor+Jedi.m */; };
		9001C3941EB4D5150089B2B5 /* UITableView+Jedi.m in Sources */ = {isa = PBXBuildFile; fileRef = 9001C3841EB4D5150089B2B5 /* UITableView+Jedi.m */; };
		9001C3951EB4D5150089B2B5 /* TimezoneManager.m in Sources */ = {isa = PBXBuildFile; fileRef = 9001C3871EB4D5150089B2B5 /* TimezoneManager.m */; };
		9001C3961EB4D5150089B2B5 /* JediClock.xcdatamodeld in Sources */ = {isa = PBXBuildFile; fileRef = 9001C3891EB4D5150089B2B5 /* JediClock.xcdatamodeld */; };
		9001C3971EB4D5150089B2B5 /* Timezone.m in Sources */ = {isa = PBXBuildFile; fileRef = 9001C38C1EB4D5150089B2B5 /* Timezone.m */; };
		901DB50E1EADA71F00A20D5C /* Images.xcassets in Resources */ = {isa = PBXBuildFile; fileRef = 901DB4FC1EADA71F00A20D5C /* Images.xcassets */; };
		901DB50F1EADA71F00A20D5C /* LaunchScreen.xib in Resources */ = {isa = PBXBuildFile; fileRef = 901DB4FE1EADA71F00A20D5C /* LaunchScreen.xib */; };
		901DB5101EADA71F00A20D5C /* Main.storyboard in Resources */ = {isa = PBXBuildFile; fileRef = 901DB5001EADA71F00A20D5C /* Main.storyboard */; };
		901DB5111EADA71F00A20D5C /* AppDelegate.m in Sources */ = {isa = PBXBuildFile; fileRef = 901DB5021EADA71F00A20D5C /* AppDelegate.m */; };
		90694B0D1B6F9E770066795F /* main.m in Sources */ = {isa = PBXBuildFile; fileRef = 90694B0C1B6F9E770066795F /* main.m */; };
		90694B2A1B6F9E770066795F /* JediClockTests.m in Sources */ = {isa = PBXBuildFile; fileRef = 90694B291B6F9E770066795F /* JediClockTests.m */; };
/* End PBXBuildFile section */

/* Begin PBXContainerItemProxy section */
		90694B241B6F9E770066795F /* PBXContainerItemProxy */ = {
			isa = PBXContainerItemProxy;
			containerPortal = 90694AFF1B6F9E770066795F /* Project object */;
			proxyType = 1;
			remoteGlobalIDString = 90694B061B6F9E770066795F;
			remoteInfo = JediClock;
		};
/* End PBXContainerItemProxy section */

/* Begin PBXFileReference section */
		3795B7621564F091983EBD7C /* Pods-JediClock.debug.xcconfig */ = {isa = PBXFileReference; includeInIndex = 1; lastKnownFileType = text.xcconfig; name = "Pods-JediClock.debug.xcconfig"; path = "Pods/Target Support Files/Pods-JediClock/Pods-JediClock.debug.xcconfig"; sourceTree = "<group>"; };
		449DF8C234A77EF6AD0518F4 /* Pods-JediClock.release.xcconfig */ = {isa = PBXFileReference; includeInIndex = 1; lastKnownFileType = text.xcconfig; name = "Pods-JediClock.release.xcconfig"; path = "Pods/Target Support Files/Pods-JediClock/Pods-JediClock.release.xcconfig"; sourceTree = "<group>"; };
		6FFE5C2B4BEA0A50B86246F6 /* libPods-JediClock.a */ = {isa = PBXFileReference; explicitFileType = archive.ar; includeInIndex = 0; path = "libPods-JediClock.a"; sourceTree = BUILT_PRODUCTS_DIR; };
		9001C3711EB4D5150089B2B5 /* HomeViewController.h */ = {isa = PBXFileReference; fileEncoding = 4; lastKnownFileType = sourcecode.c.h; path = HomeViewController.h; sourceTree = "<group>"; };
		9001C3721EB4D5150089B2B5 /* HomeViewController.m */ = {isa = PBXFileReference; fileEncoding = 4; lastKnownFileType = sourcecode.c.objc; path = HomeViewController.m; sourceTree = "<group>"; };
		9001C3741EB4D5150089B2B5 /* TimezonesViewController.h */ = {isa = PBXFileReference; fileEncoding = 4; lastKnownFileType = sourcecode.c.h; path = TimezonesViewController.h; sourceTree = "<group>"; };
		9001C3751EB4D5150089B2B5 /* TimezonesViewController.m */ = {isa = PBXFileReference; fileEncoding = 4; lastKnownFileType = sourcecode.c.objc; path = TimezonesViewController.m; sourceTree = "<group>"; };
		9001C3781EB4D5150089B2B5 /* ClockCell.h */ = {isa = PBXFileReference; fileEncoding = 4; lastKnownFileType = sourcecode.c.h; path = ClockCell.h; sourceTree = "<group>"; };
		9001C3791EB4D5150089B2B5 /* ClockCell.m */ = {isa = PBXFileReference; fileEncoding = 4; lastKnownFileType = sourcecode.c.objc; path = ClockCell.m; sourceTree = "<group>"; };
		9001C37A1EB4D5150089B2B5 /* ClockView.h */ = {isa = PBXFileReference; fileEncoding = 4; lastKnownFileType = sourcecode.c.h; path = ClockView.h; sourceTree = "<group>"; };
		9001C37B1EB4D5150089B2B5 /* ClockView.m */ = {isa = PBXFileReference; fileEncoding = 4; lastKnownFileType = sourcecode.c.objc; path = ClockView.m; sourceTree = "<group>"; };
		9001C37D1EB4D5150089B2B5 /* NSAttributedString+Jedi.h */ = {isa = PBXFileReference; fileEncoding = 4; lastKnownFileType = sourcecode.c.h; path = "NSAttributedString+Jedi.h"; sourceTree = "<group>"; };
		9001C37E1EB4D5150089B2B5 /* NSAttributedString+Jedi.m */ = {isa = PBXFileReference; fileEncoding = 4; lastKnownFileType = sourcecode.c.objc; path = "NSAttributedString+Jedi.m"; sourceTree = "<group>"; };
		9001C37F1EB4D5150089B2B5 /* NSMutableAttributedString+Jedi.h */ = {isa = PBXFileReference; fileEncoding = 4; lastKnownFileType = sourcecode.c.h; path = "NSMutableAttributedString+Jedi.h"; sourceTree = "<group>"; };
		9001C3801EB4D5150089B2B5 /* NSMutableAttributedString+Jedi.m */ = {isa = PBXFileReference; fileEncoding = 4; lastKnownFileType = sourcecode.c.objc; path = "NSMutableAttributedString+Jedi.m"; sourceTree = "<group>"; };
		9001C3811EB4D5150089B2B5 /* UIColor+Jedi.h */ = {isa = PBXFileReference; fileEncoding = 4; lastKnownFileType = sourcecode.c.h; path = "UIColor+Jedi.h"; sourceTree = "<group>"; };
		9001C3821EB4D5150089B2B5 /* UIColor+Jedi.m */ = {isa = PBXFileReference; fileEncoding = 4; lastKnownFileType = sourcecode.c.objc; path = "UIColor+Jedi.m"; sourceTree = "<group>"; };
		9001C3831EB4D5150089B2B5 /* UITableView+Jedi.h */ = {isa = PBXFileReference; fileEncoding = 4; lastKnownFileType = sourcecode.c.h; path = "UITableView+Jedi.h"; sourceTree = "<group>"; };
		9001C3841EB4D5150089B2B5 /* UITableView+Jedi.m */ = {isa = PBXFileReference; fileEncoding = 4; lastKnownFileType = sourcecode.c.objc; path = "UITableView+Jedi.m"; sourceTree = "<group>"; };
		9001C3861EB4D5150089B2B5 /* TimezoneManager.h */ = {isa = PBXFileReference; fileEncoding = 4; lastKnownFileType = sourcecode.c.h; path = TimezoneManager.h; sourceTree = "<group>"; };
		9001C3871EB4D5150089B2B5 /* TimezoneManager.m */ = {isa = PBXFileReference; fileEncoding = 4; lastKnownFileType = sourcecode.c.objc; path = TimezoneManager.m; sourceTree = "<group>"; };
		9001C38A1EB4D5150089B2B5 /* JediClock.xcdatamodel */ = {isa = PBXFileReference; lastKnownFileType = wrapper.xcdatamodel; path = JediClock.xcdatamodel; sourceTree = "<group>"; };
		9001C38B1EB4D5150089B2B5 /* Timezone.h */ = {isa = PBXFileReference; fileEncoding = 4; lastKnownFileType = sourcecode.c.h; path = Timezone.h; sourceTree = "<group>"; };
		9001C38C1EB4D5150089B2B5 /* Timezone.m */ = {isa = PBXFileReference; fileEncoding = 4; lastKnownFileType = sourcecode.c.objc; path = Timezone.m; sourceTree = "<group>"; };
		901DB4FC1EADA71F00A20D5C /* Images.xcassets */ = {isa = PBXFileReference; lastKnownFileType = folder.assetcatalog; path = Images.xcassets; sourceTree = "<group>"; };
		901DB4FF1EADA71F00A20D5C /* Base */ = {isa = PBXFileReference; lastKnownFileType = file.xib; name = Base; path = LaunchScreen.xib; sourceTree = "<group>"; };
		901DB5011EADA71F00A20D5C /* Base */ = {isa = PBXFileReference; lastKnownFileType = file.storyboard; name = Base; path = Main.storyboard; sourceTree = "<group>"; };
		901DB5021EADA71F00A20D5C /* AppDelegate.m */ = {isa = PBXFileReference; fileEncoding = 4; lastKnownFileType = sourcecode.c.objc; path = AppDelegate.m; sourceTree = "<group>"; };
		901DB5031EADA71F00A20D5C /* AppDelegate.h */ = {isa = PBXFileReference; fileEncoding = 4; lastKnownFileType = sourcecode.c.h; path = AppDelegate.h; sourceTree = "<group>"; };
		90694B071B6F9E770066795F /* JediClock.app */ = {isa = PBXFileReference; explicitFileType = wrapper.application; includeInIndex = 0; path = JediClock.app; sourceTree = BUILT_PRODUCTS_DIR; };
		90694B0B1B6F9E770066795F /* Info.plist */ = {isa = PBXFileReference; lastKnownFileType = text.plist.xml; path = Info.plist; sourceTree = "<group>"; };
		90694B0C1B6F9E770066795F /* main.m */ = {isa = PBXFileReference; lastKnownFileType = sourcecode.c.objc; path = main.m; sourceTree = "<group>"; };
		90694B231B6F9E770066795F /* JediClockTests.xctest */ = {isa = PBXFileReference; explicitFileType = wrapper.cfbundle; includeInIndex = 0; path = JediClockTests.xctest; sourceTree = BUILT_PRODUCTS_DIR; };
		90694B281B6F9E770066795F /* Info.plist */ = {isa = PBXFileReference; lastKnownFileType = text.plist.xml; path = Info.plist; sourceTree = "<group>"; };
		90694B291B6F9E770066795F /* JediClockTests.m */ = {isa = PBXFileReference; lastKnownFileType = sourcecode.c.objc; path = JediClockTests.m; sourceTree = "<group>"; };
/* End PBXFileReference section */

/* Begin PBXFrameworksBuildPhase section */
		90694B041B6F9E770066795F /* Frameworks */ = {
			isa = PBXFrameworksBuildPhase;
			buildActionMask = 2147483647;
			files = (
				89071F22FA6E1A3A03F50A42 /* libPods-JediClock.a in Frameworks */,
			);
			runOnlyForDeploymentPostprocessing = 0;
		};
		90694B201B6F9E770066795F /* Frameworks */ = {
			isa = PBXFrameworksBuildPhase;
			buildActionMask = 2147483647;
			files = (
			);
			runOnlyForDeploymentPostprocessing = 0;
		};
/* End PBXFrameworksBuildPhase section */

/* Begin PBXGroup section */
		0B5DB4BD2D90D03F77FC614F /* Frameworks */ = {
			isa = PBXGroup;
			children = (
				6FFE5C2B4BEA0A50B86246F6 /* libPods-JediClock.a */,
			);
			name = Frameworks;
			sourceTree = "<group>";
		};
		135787F9EA131BBDDC8F69DC /* Pods */ = {
			isa = PBXGroup;
			children = (
				3795B7621564F091983EBD7C /* Pods-JediClock.debug.xcconfig */,
				449DF8C234A77EF6AD0518F4 /* Pods-JediClock.release.xcconfig */,
			);
			name = Pods;
			sourceTree = "<group>";
		};
		9001C36F1EB4D5150089B2B5 /* ViewControllers */ = {
			isa = PBXGroup;
			children = (
				9001C3701EB4D5150089B2B5 /* Home */,
				9001C3731EB4D5150089B2B5 /* Timezones */,
			);
			path = ViewControllers;
			sourceTree = "<group>";
		};
		9001C3701EB4D5150089B2B5 /* Home */ = {
			isa = PBXGroup;
			children = (
				9001C3711EB4D5150089B2B5 /* HomeViewController.h */,
				9001C3721EB4D5150089B2B5 /* HomeViewController.m */,
			);
			path = Home;
			sourceTree = "<group>";
		};
		9001C3731EB4D5150089B2B5 /* Timezones */ = {
			isa = PBXGroup;
			children = (
				9001C3741EB4D5150089B2B5 /* TimezonesViewController.h */,
				9001C3751EB4D5150089B2B5 /* TimezonesViewController.m */,
			);
			path = Timezones;
			sourceTree = "<group>";
		};
		9001C3761EB4D5150089B2B5 /* Views */ = {
			isa = PBXGroup;
			children = (
				9001C3771EB4D5150089B2B5 /* Cell */,
				9001C37A1EB4D5150089B2B5 /* ClockView.h */,
				9001C37B1EB4D5150089B2B5 /* ClockView.m */,
			);
			path = Views;
			sourceTree = "<group>";
		};
		9001C3771EB4D5150089B2B5 /* Cell */ = {
			isa = PBXGroup;
			children = (
				9001C3781EB4D5150089B2B5 /* ClockCell.h */,
				9001C3791EB4D5150089B2B5 /* ClockCell.m */,
			);
			path = Cell;
			sourceTree = "<group>";
		};
		9001C37C1EB4D5150089B2B5 /* Categories */ = {
			isa = PBXGroup;
			children = (
				9001C37D1EB4D5150089B2B5 /* NSAttributedString+Jedi.h */,
				9001C37E1EB4D5150089B2B5 /* NSAttributedString+Jedi.m */,
				9001C37F1EB4D5150089B2B5 /* NSMutableAttributedString+Jedi.h */,
				9001C3801EB4D5150089B2B5 /* NSMutableAttributedString+Jedi.m */,
				9001C3811EB4D5150089B2B5 /* UIColor+Jedi.h */,
				9001C3821EB4D5150089B2B5 /* UIColor+Jedi.m */,
				9001C3831EB4D5150089B2B5 /* UITableView+Jedi.h */,
				9001C3841EB4D5150089B2B5 /* UITableView+Jedi.m */,
			);
			path = Categories;
			sourceTree = "<group>";
		};
		9001C3851EB4D5150089B2B5 /* Managers */ = {
			isa = PBXGroup;
			children = (
				9001C3861EB4D5150089B2B5 /* TimezoneManager.h */,
				9001C3871EB4D5150089B2B5 /* TimezoneManager.m */,
			);
			path = Managers;
			sourceTree = "<group>";
		};
		9001C3881EB4D5150089B2B5 /* Models */ = {
			isa = PBXGroup;
			children = (
				9001C3891EB4D5150089B2B5 /* JediClock.xcdatamodeld */,
				9001C38B1EB4D5150089B2B5 /* Timezone.h */,
				9001C38C1EB4D5150089B2B5 /* Timezone.m */,
			);
			path = Models;
			sourceTree = "<group>";
		};
		901DB4FD1EADA71F00A20D5C /* Base.lproj */ = {
			isa = PBXGroup;
			children = (
				901DB4FE1EADA71F00A20D5C /* LaunchScreen.xib */,
				901DB5001EADA71F00A20D5C /* Main.storyboard */,
			);
			path = Base.lproj;
			sourceTree = "<group>";
		};
		90694AFE1B6F9E770066795F = {
			isa = PBXGroup;
			children = (
				90694B091B6F9E770066795F /* JediClock */,
				90694B261B6F9E770066795F /* JediClockTests */,
				90694B081B6F9E770066795F /* Products */,
				135787F9EA131BBDDC8F69DC /* Pods */,
				0B5DB4BD2D90D03F77FC614F /* Frameworks */,
			);
			sourceTree = "<group>";
		};
		90694B081B6F9E770066795F /* Products */ = {
			isa = PBXGroup;
			children = (
				90694B071B6F9E770066795F /* JediClock.app */,
				90694B231B6F9E770066795F /* JediClockTests.xctest */,
			);
			name = Products;
			sourceTree = "<group>";
		};
		90694B091B6F9E770066795F /* JediClock */ = {
			isa = PBXGroup;
			children = (
				901DB5031EADA71F00A20D5C /* AppDelegate.h */,
				901DB5021EADA71F00A20D5C /* AppDelegate.m */,
				901DB4FD1EADA71F00A20D5C /* Base.lproj */,
				9001C37C1EB4D5150089B2B5 /* Categories */,
				901DB4FC1EADA71F00A20D5C /* Images.xcassets */,
				9001C3851EB4D5150089B2B5 /* Managers */,
				9001C3881EB4D5150089B2B5 /* Models */,
				90694B0A1B6F9E770066795F /* Supporting Files */,
				9001C36F1EB4D5150089B2B5 /* ViewControllers */,
				9001C3761EB4D5150089B2B5 /* Views */,
			);
			path = JediClock;
			sourceTree = "<group>";
		};
		90694B0A1B6F9E770066795F /* Supporting Files */ = {
			isa = PBXGroup;
			children = (
				90694B0B1B6F9E770066795F /* Info.plist */,
				90694B0C1B6F9E770066795F /* main.m */,
			);
			name = "Supporting Files";
			sourceTree = "<group>";
		};
		90694B261B6F9E770066795F /* JediClockTests */ = {
			isa = PBXGroup;
			children = (
				90694B291B6F9E770066795F /* JediClockTests.m */,
				90694B271B6F9E770066795F /* Supporting Files */,
			);
			path = JediClockTests;
			sourceTree = "<group>";
		};
		90694B271B6F9E770066795F /* Supporting Files */ = {
			isa = PBXGroup;
			children = (
				90694B281B6F9E770066795F /* Info.plist */,
			);
			name = "Supporting Files";
			sourceTree = "<group>";
		};
/* End PBXGroup section */

/* Begin PBXNativeTarget section */
		90694B061B6F9E770066795F /* JediClock */ = {
			isa = PBXNativeTarget;
			buildConfigurationList = 90694B2D1B6F9E770066795F /* Build configuration list for PBXNativeTarget "JediClock" */;
			buildPhases = (
				C477DBF3CCA6D6C5A502CD85 /* [CP] Check Pods Manifest.lock */,
				90694B031B6F9E770066795F /* Sources */,
				90694B041B6F9E770066795F /* Frameworks */,
				90694B051B6F9E770066795F /* Resources */,
				D5007663F1E8503F677FB1B6 /* [CP] Embed Pods Frameworks */,
				9817E3BB875CCAFD1EC92F69 /* [CP] Copy Pods Resources */,
			);
			buildRules = (
			);
			dependencies = (
			);
			name = JediClock;
			productName = JediClock;
			productReference = 90694B071B6F9E770066795F /* JediClock.app */;
			productType = "com.apple.product-type.application";
		};
		90694B221B6F9E770066795F /* JediClockTests */ = {
			isa = PBXNativeTarget;
			buildConfigurationList = 90694B301B6F9E770066795F /* Build configuration list for PBXNativeTarget "JediClockTests" */;
			buildPhases = (
				90694B1F1B6F9E770066795F /* Sources */,
				90694B201B6F9E770066795F /* Frameworks */,
				90694B211B6F9E770066795F /* Resources */,
			);
			buildRules = (
			);
			dependencies = (
				90694B251B6F9E770066795F /* PBXTargetDependency */,
			);
			name = JediClockTests;
			productName = JediClockTests;
			productReference = 90694B231B6F9E770066795F /* JediClockTests.xctest */;
			productType = "com.apple.product-type.bundle.unit-test";
		};
/* End PBXNativeTarget section */

/* Begin PBXProject section */
		90694AFF1B6F9E770066795F /* Project object */ = {
			isa = PBXProject;
			attributes = {
				LastUpgradeCheck = 0830;
				ORGANIZATIONNAME = "Steven Masini";
				TargetAttributes = {
					90694B061B6F9E770066795F = {
						CreatedOnToolsVersion = 6.4;
						DevelopmentTeam = NEQ3CNABJG;
					};
					90694B221B6F9E770066795F = {
						CreatedOnToolsVersion = 6.4;
						TestTargetID = 90694B061B6F9E770066795F;
					};
				};
			};
			buildConfigurationList = 90694B021B6F9E770066795F /* Build configuration list for PBXProject "JediClock" */;
			compatibilityVersion = "Xcode 3.2";
			developmentRegion = English;
			hasScannedForEncodings = 0;
			knownRegions = (
				en,
				Base,
			);
			mainGroup = 90694AFE1B6F9E770066795F;
			productRefGroup = 90694B081B6F9E770066795F /* Products */;
			projectDirPath = "";
			projectRoot = "";
			targets = (
				90694B061B6F9E770066795F /* JediClock */,
				90694B221B6F9E770066795F /* JediClockTests */,
			);
		};
/* End PBXProject section */

/* Begin PBXResourcesBuildPhase section */
		90694B051B6F9E770066795F /* Resources */ = {
			isa = PBXResourcesBuildPhase;
			buildActionMask = 2147483647;
			files = (
				901DB5101EADA71F00A20D5C /* Main.storyboard in Resources */,
				901DB50F1EADA71F00A20D5C /* LaunchScreen.xib in Resources */,
				901DB50E1EADA71F00A20D5C /* Images.xcassets in Resources */,
			);
			runOnlyForDeploymentPostprocessing = 0;
		};
		90694B211B6F9E770066795F /* Resources */ = {
			isa = PBXResourcesBuildPhase;
			buildActionMask = 2147483647;
			files = (
			);
			runOnlyForDeploymentPostprocessing = 0;
		};
/* End PBXResourcesBuildPhase section */

/* Begin PBXShellScriptBuildPhase section */
		9817E3BB875CCAFD1EC92F69 /* [CP] Copy Pods Resources */ = {
			isa = PBXShellScriptBuildPhase;
			buildActionMask = 2147483647;
			files = (
			);
			inputPaths = (
			);
			name = "[CP] Copy Pods Resources";
			outputPaths = (
			);
			runOnlyForDeploymentPostprocessing = 0;
			shellPath = /bin/sh;
			shellScript = "\"${SRCROOT}/Pods/Target Support Files/Pods-JediClock/Pods-JediClock-resources.sh\"\n";
			showEnvVarsInLog = 0;
		};
		C477DBF3CCA6D6C5A502CD85 /* [CP] Check Pods Manifest.lock */ = {
			isa = PBXShellScriptBuildPhase;
			buildActionMask = 2147483647;
			files = (
			);
			inputPaths = (
			);
			name = "[CP] Check Pods Manifest.lock";
			outputPaths = (
			);
			runOnlyForDeploymentPostprocessing = 0;
			shellPath = /bin/sh;
			shellScript = "diff \"${PODS_PODFILE_DIR_PATH}/Podfile.lock\" \"${PODS_ROOT}/Manifest.lock\" > /dev/null\nif [ $? != 0 ] ; then\n    # print error to STDERR\n    echo \"error: The sandbox is not in sync with the Podfile.lock. Run 'pod install' or update your CocoaPods installation.\" >&2\n    exit 1\nfi\n";
			showEnvVarsInLog = 0;
		};
		D5007663F1E8503F677FB1B6 /* [CP] Embed Pods Frameworks */ = {
			isa = PBXShellScriptBuildPhase;
			buildActionMask = 2147483647;
			files = (
			);
			inputPaths = (
			);
			name = "[CP] Embed Pods Frameworks";
			outputPaths = (
			);
			runOnlyForDeploymentPostprocessing = 0;
			shellPath = /bin/sh;
			shellScript = "\"${SRCROOT}/Pods/Target Support Files/Pods-JediClock/Pods-JediClock-frameworks.sh\"\n";
			showEnvVarsInLog = 0;
		};
/* End PBXShellScriptBuildPhase section */

/* Begin PBXSourcesBuildPhase section */
		90694B031B6F9E770066795F /* Sources */ = {
			isa = PBXSourcesBuildPhase;
			buildActionMask = 2147483647;
			files = (
				9001C3931EB4D5150089B2B5 /* UIColor+Jedi.m in Sources */,
				9001C3921EB4D5150089B2B5 /* NSMutableAttributedString+Jedi.m in Sources */,
				90694B0D1B6F9E770066795F /* main.m in Sources */,
				9001C3951EB4D5150089B2B5 /* TimezoneManager.m in Sources */,
				9001C3941EB4D5150089B2B5 /* UITableView+Jedi.m in Sources */,
				9001C38F1EB4D5150089B2B5 /* ClockCell.m in Sources */,
				9001C38E1EB4D5150089B2B5 /* TimezonesViewController.m in Sources */,
				9001C3911EB4D5150089B2B5 /* NSAttributedString+Jedi.m in Sources */,
				9001C3901EB4D5150089B2B5 /* ClockView.m in Sources */,
				901DB5111EADA71F00A20D5C /* AppDelegate.m in Sources */,
				9001C3961EB4D5150089B2B5 /* JediClock.xcdatamodeld in Sources */,
				9001C38D1EB4D5150089B2B5 /* HomeViewController.m in Sources */,
				9001C3971EB4D5150089B2B5 /* Timezone.m in Sources */,
			);
			runOnlyForDeploymentPostprocessing = 0;
		};
		90694B1F1B6F9E770066795F /* Sources */ = {
			isa = PBXSourcesBuildPhase;
			buildActionMask = 2147483647;
			files = (
				90694B2A1B6F9E770066795F /* JediClockTests.m in Sources */,
			);
			runOnlyForDeploymentPostprocessing = 0;
		};
/* End PBXSourcesBuildPhase section */

/* Begin PBXTargetDependency section */
		90694B251B6F9E770066795F /* PBXTargetDependency */ = {
			isa = PBXTargetDependency;
			target = 90694B061B6F9E770066795F /* JediClock */;
			targetProxy = 90694B241B6F9E770066795F /* PBXContainerItemProxy */;
		};
/* End PBXTargetDependency section */

/* Begin PBXVariantGroup section */
		901DB4FE1EADA71F00A20D5C /* LaunchScreen.xib */ = {
			isa = PBXVariantGroup;
			children = (
				901DB4FF1EADA71F00A20D5C /* Base */,
			);
			name = LaunchScreen.xib;
			sourceTree = "<group>";
		};
		901DB5001EADA71F00A20D5C /* Main.storyboard */ = {
			isa = PBXVariantGroup;
			children = (
				901DB5011EADA71F00A20D5C /* Base */,
			);
			name = Main.storyboard;
			sourceTree = "<group>";
		};
/* End PBXVariantGroup section */

/* Begin XCBuildConfiguration section */
		90694B2B1B6F9E770066795F /* Debug */ = {
			isa = XCBuildConfiguration;
			buildSettings = {
				ALWAYS_SEARCH_USER_PATHS = NO;
				CLANG_CXX_LANGUAGE_STANDARD = "gnu++0x";
				CLANG_CXX_LIBRARY = "libc++";
				CLANG_ENABLE_MODULES = YES;
				CLANG_ENABLE_OBJC_ARC = YES;
				CLANG_WARN_BOOL_CONVERSION = YES;
				CLANG_WARN_CONSTANT_CONVERSION = YES;
				CLANG_WARN_DIRECT_OBJC_ISA_USAGE = YES_ERROR;
				CLANG_WARN_EMPTY_BODY = YES;
				CLANG_WARN_ENUM_CONVERSION = YES;
				CLANG_WARN_INFINITE_RECURSION = YES;
				CLANG_WARN_INT_CONVERSION = YES;
				CLANG_WARN_OBJC_ROOT_CLASS = YES_ERROR;
				CLANG_WARN_SUSPICIOUS_MOVE = YES;
				CLANG_WARN_UNREACHABLE_CODE = YES;
				CLANG_WARN__DUPLICATE_METHOD_MATCH = YES;
				"CODE_SIGN_IDENTITY[sdk=iphoneos*]" = "iPhone Developer";
				COPY_PHASE_STRIP = NO;
				DEBUG_INFORMATION_FORMAT = "dwarf-with-dsym";
				ENABLE_STRICT_OBJC_MSGSEND = YES;
				ENABLE_TESTABILITY = YES;
				GCC_C_LANGUAGE_STANDARD = gnu99;
				GCC_DYNAMIC_NO_PIC = NO;
				GCC_NO_COMMON_BLOCKS = YES;
				GCC_OPTIMIZATION_LEVEL = 0;
				GCC_PREPROCESSOR_DEFINITIONS = (
					"DEBUG=1",
					"$(inherited)",
				);
				GCC_SYMBOLS_PRIVATE_EXTERN = NO;
				GCC_WARN_64_TO_32_BIT_CONVERSION = YES;
				GCC_WARN_ABOUT_RETURN_TYPE = YES_ERROR;
				GCC_WARN_UNDECLARED_SELECTOR = YES;
				GCC_WARN_UNINITIALIZED_AUTOS = YES_AGGRESSIVE;
				GCC_WARN_UNUSED_FUNCTION = YES;
				GCC_WARN_UNUSED_VARIABLE = YES;
				IPHONEOS_DEPLOYMENT_TARGET = 8.0;
				MTL_ENABLE_DEBUG_INFO = YES;
				ONLY_ACTIVE_ARCH = YES;
				SDKROOT = iphoneos;
			};
			name = Debug;
		};
		90694B2C1B6F9E770066795F /* Release */ = {
			isa = XCBuildConfiguration;
			buildSettings = {
				ALWAYS_SEARCH_USER_PATHS = NO;
				CLANG_CXX_LANGUAGE_STANDARD = "gnu++0x";
				CLANG_CXX_LIBRARY = "libc++";
				CLANG_ENABLE_MODULES = YES;
				CLANG_ENABLE_OBJC_ARC = YES;
				CLANG_WARN_BOOL_CONVERSION = YES;
				CLANG_WARN_CONSTANT_CONVERSION = YES;
				CLANG_WARN_DIRECT_OBJC_ISA_USAGE = YES_ERROR;
				CLANG_WARN_EMPTY_BODY = YES;
				CLANG_WARN_ENUM_CONVERSION = YES;
				CLANG_WARN_INFINITE_RECURSION = YES;
				CLANG_WARN_INT_CONVERSION = YES;
				CLANG_WARN_OBJC_ROOT_CLASS = YES_ERROR;
				CLANG_WARN_SUSPICIOUS_MOVE = YES;
				CLANG_WARN_UNREACHABLE_CODE = YES;
				CLANG_WARN__DUPLICATE_METHOD_MATCH = YES;
				"CODE_SIGN_IDENTITY[sdk=iphoneos*]" = "iPhone Developer";
				COPY_PHASE_STRIP = NO;
				DEBUG_INFORMATION_FORMAT = "dwarf-with-dsym";
				ENABLE_NS_ASSERTIONS = NO;
				ENABLE_STRICT_OBJC_MSGSEND = YES;
				GCC_C_LANGUAGE_STANDARD = gnu99;
				GCC_NO_COMMON_BLOCKS = YES;
				GCC_WARN_64_TO_32_BIT_CONVERSION = YES;
				GCC_WARN_ABOUT_RETURN_TYPE = YES_ERROR;
				GCC_WARN_UNDECLARED_SELECTOR = YES;
				GCC_WARN_UNINITIALIZED_AUTOS = YES_AGGRESSIVE;
				GCC_WARN_UNUSED_FUNCTION = YES;
				GCC_WARN_UNUSED_VARIABLE = YES;
				IPHONEOS_DEPLOYMENT_TARGET = 8.0;
				MTL_ENABLE_DEBUG_INFO = NO;
				SDKROOT = iphoneos;
				VALIDATE_PRODUCT = YES;
			};
			name = Release;
		};
		90694B2E1B6F9E770066795F /* Debug */ = {
			isa = XCBuildConfiguration;
			baseConfigurationReference = 3795B7621564F091983EBD7C /* Pods-JediClock.debug.xcconfig */;
			buildSettings = {
				ASSETCATALOG_COMPILER_APPICON_NAME = AppIcon;
				DEVELOPMENT_TEAM = NEQ3CNABJG;
				INFOPLIST_FILE = JediClock/Info.plist;
				IPHONEOS_DEPLOYMENT_TARGET = 8.0;
				LD_RUNPATH_SEARCH_PATHS = "$(inherited) @executable_path/Frameworks";
				PRODUCT_BUNDLE_IDENTIFIER = "com.business.test.$(PRODUCT_NAME:rfc1034identifier)";
				PRODUCT_NAME = "$(TARGET_NAME)";
			};
			name = Debug;
		};
		90694B2F1B6F9E770066795F /* Release */ = {
			isa = XCBuildConfiguration;
			baseConfigurationReference = 449DF8C234A77EF6AD0518F4 /* Pods-JediClock.release.xcconfig */;
			buildSettings = {
				ASSETCATALOG_COMPILER_APPICON_NAME = AppIcon;
				DEVELOPMENT_TEAM = NEQ3CNABJG;
				INFOPLIST_FILE = JediClock/Info.plist;
				IPHONEOS_DEPLOYMENT_TARGET = 8.0;
				LD_RUNPATH_SEARCH_PATHS = "$(inherited) @executable_path/Frameworks";
				PRODUCT_BUNDLE_IDENTIFIER = "com.business.test.$(PRODUCT_NAME:rfc1034identifier)";
				PRODUCT_NAME = "$(TARGET_NAME)";
			};
			name = Release;
		};
		90694B311B6F9E770066795F /* Debug */ = {
			isa = XCBuildConfiguration;
			buildSettings = {
				BUNDLE_LOADER = "$(TEST_HOST)";
				FRAMEWORK_SEARCH_PATHS = (
					"$(SDKROOT)/Developer/Library/Frameworks",
					"$(inherited)",
				);
				GCC_PREPROCESSOR_DEFINITIONS = (
					"DEBUG=1",
					"$(inherited)",
				);
				INFOPLIST_FILE = JediClockTests/Info.plist;
				LD_RUNPATH_SEARCH_PATHS = "$(inherited) @executable_path/Frameworks @loader_path/Frameworks";
				PRODUCT_BUNDLE_IDENTIFIER = "com.business.test.$(PRODUCT_NAME:rfc1034identifier)";
				PRODUCT_NAME = "$(TARGET_NAME)";
				TEST_HOST = "$(BUILT_PRODUCTS_DIR)/JediClock.app/JediClock";
			};
			name = Debug;
		};
		90694B321B6F9E770066795F /* Release */ = {
			isa = XCBuildConfiguration;
			buildSettings = {
				BUNDLE_LOADER = "$(TEST_HOST)";
				FRAMEWORK_SEARCH_PATHS = (
					"$(SDKROOT)/Developer/Library/Frameworks",
					"$(inherited)",
				);
				INFOPLIST_FILE = JediClockTests/Info.plist;
				LD_RUNPATH_SEARCH_PATHS = "$(inherited) @executable_path/Frameworks @loader_path/Frameworks";
				PRODUCT_BUNDLE_IDENTIFIER = "com.business.test.$(PRODUCT_NAME:rfc1034identifier)";
				PRODUCT_NAME = "$(TARGET_NAME)";
				TEST_HOST = "$(BUILT_PRODUCTS_DIR)/JediClock.app/JediClock";
			};
			name = Release;
		};
/* End XCBuildConfiguration section */

/* Begin XCConfigurationList section */
		90694B021B6F9E770066795F /* Build configuration list for PBXProject "JediClock" */ = {
			isa = XCConfigurationList;
			buildConfigurations = (
				90694B2B1B6F9E770066795F /* Debug */,
				90694B2C1B6F9E770066795F /* Release */,
			);
			defaultConfigurationIsVisible = 0;
			defaultConfigurationName = Release;
		};
		90694B2D1B6F9E770066795F /* Build configuration list for PBXNativeTarget "JediClock" */ = {
			isa = XCConfigurationList;
			buildConfigurations = (
				90694B2E1B6F9E770066795F /* Debug */,
				90694B2F1B6F9E770066795F /* Release */,
			);
			defaultConfigurationIsVisible = 0;
			defaultConfigurationName = Release;
		};
		90694B301B6F9E770066795F /* Build configuration list for PBXNativeTarget "JediClockTests" */ = {
			isa = XCConfigurationList;
			buildConfigurations = (
				90694B311B6F9E770066795F /* Debug */,
				90694B321B6F9E770066795F /* Release */,
			);
			defaultConfigurationIsVisible = 0;
			defaultConfigurationName = Release;
		};
/* End XCConfigurationList section */

/* Begin XCVersionGroup section */
		9001C3891EB4D5150089B2B5 /* JediClock.xcdatamodeld */ = {
			isa = XCVersionGroup;
			children = (
				9001C38A1EB4D5150089B2B5 /* JediClock.xcdatamodel */,
			);
			currentVersion = 9001C38A1EB4D5150089B2B5 /* JediClock.xcdatamodel */;
			path = JediClock.xcdatamodeld;
			sourceTree = "<group>";
			versionGroupType = wrapper.xcdatamodel;
		};
/* End XCVersionGroup section */
	};
	rootObject = 90694AFF1B6F9E770066795F /* Project object */;
}
